// !$*UTF8*$!
{
	archiveVersion = 1;
	classes = {
	};
	objectVersion = 51;
	objects = {

/* Begin PBXBuildFile section */
		AB40378E13D614B7C9DC4D59 /* Pods_Pondra.framework in Frameworks */ = {isa = PBXBuildFile; fileRef = 40C42C693BBEC4F75F6606D2 /* Pods_Pondra.framework */; };
		CE044E052437596C003B32DB /* WeightAddViewModel.swift in Sources */ = {isa = PBXBuildFile; fileRef = CE044E042437596C003B32DB /* WeightAddViewModel.swift */; };
		CE044E0824375A22003B32DB /* WeightViewModel.swift in Sources */ = {isa = PBXBuildFile; fileRef = CE044E0724375A22003B32DB /* WeightViewModel.swift */; };
		CE044E152437D44A003B32DB /* WeightRow.swift in Sources */ = {isa = PBXBuildFile; fileRef = CE044E142437D44A003B32DB /* WeightRow.swift */; };
		CE044E1C2438963B003B32DB /* Pondra.xcdatamodeld in Sources */ = {isa = PBXBuildFile; fileRef = CE044E1A2438963B003B32DB /* Pondra.xcdatamodeld */; };
		CE044E2224389BE8003B32DB /* WeightItem+Extensions.swift in Sources */ = {isa = PBXBuildFile; fileRef = CE044E2124389BE8003B32DB /* WeightItem+Extensions.swift */; };
		CE044E242438A1B5003B32DB /* View.swift in Sources */ = {isa = PBXBuildFile; fileRef = CE044E232438A1B5003B32DB /* View.swift */; };
		CE044E262438A502003B32DB /* ViewContextFetcher.swift in Sources */ = {isa = PBXBuildFile; fileRef = CE044E252438A502003B32DB /* ViewContextFetcher.swift */; };
		CE044E2924391DD3003B32DB /* OverviewView.swift in Sources */ = {isa = PBXBuildFile; fileRef = CE044E2824391DD3003B32DB /* OverviewView.swift */; };
		CE044E2B243B1010003B32DB /* GraphView.swift in Sources */ = {isa = PBXBuildFile; fileRef = CE044E2A243B1010003B32DB /* GraphView.swift */; };
		CE044E2E243B26FF003B32DB /* Line.swift in Sources */ = {isa = PBXBuildFile; fileRef = CE044E2D243B26FF003B32DB /* Line.swift */; };
		CE044E30243B2744003B32DB /* IndicatorPoint.swift in Sources */ = {isa = PBXBuildFile; fileRef = CE044E2F243B2744003B32DB /* IndicatorPoint.swift */; };
		CE044E32243B27A3003B32DB /* Helpers.swift in Sources */ = {isa = PBXBuildFile; fileRef = CE044E31243B27A3003B32DB /* Helpers.swift */; };
		CE044E34243B2803003B32DB /* HapticFeedback.swift in Sources */ = {isa = PBXBuildFile; fileRef = CE044E33243B2803003B32DB /* HapticFeedback.swift */; };
		CE044E37243B282E003B32DB /* Color.swift in Sources */ = {isa = PBXBuildFile; fileRef = CE044E36243B282E003B32DB /* Color.swift */; };
		CE044E39243B28D5003B32DB /* Path.swift in Sources */ = {isa = PBXBuildFile; fileRef = CE044E38243B28D5003B32DB /* Path.swift */; };
		CE044E41243B3E98003B32DB /* PondraTests.swift in Sources */ = {isa = PBXBuildFile; fileRef = CE044E40243B3E98003B32DB /* PondraTests.swift */; };
		CE044E4D243B41AD003B32DB /* UIBezierPath.swift in Sources */ = {isa = PBXBuildFile; fileRef = CE044E4C243B41AD003B32DB /* UIBezierPath.swift */; };
		CE044E4F243B466D003B32DB /* CGPointTests.swift in Sources */ = {isa = PBXBuildFile; fileRef = CE044E4E243B466D003B32DB /* CGPointTests.swift */; };
		CE044E51243B4C3A003B32DB /* CGPoint.swift in Sources */ = {isa = PBXBuildFile; fileRef = CE044E50243B4C3A003B32DB /* CGPoint.swift */; };
		CE044E54243B5280003B32DB /* ChartData.swift in Sources */ = {isa = PBXBuildFile; fileRef = CE044E53243B5280003B32DB /* ChartData.swift */; };
		CE0E76C62384109D00401B8B /* R.generated.swift in Sources */ = {isa = PBXBuildFile; fileRef = CE0E76C52384109D00401B8B /* R.generated.swift */; };
		CE0E76C8238410DE00401B8B /* Localizable.strings in Resources */ = {isa = PBXBuildFile; fileRef = CE0E76C7238410DE00401B8B /* Localizable.strings */; };
		CE1463EF243636430089D7D5 /* WeightView.swift in Sources */ = {isa = PBXBuildFile; fileRef = CE1463EE243636430089D7D5 /* WeightView.swift */; };
		CE1463F124363AC60089D7D5 /* WeightAddView.swift in Sources */ = {isa = PBXBuildFile; fileRef = CE1463F024363AC60089D7D5 /* WeightAddView.swift */; };
		CEABD18A2382F74F0018A0E3 /* AppDelegate.swift in Sources */ = {isa = PBXBuildFile; fileRef = CEABD1892382F74F0018A0E3 /* AppDelegate.swift */; };
		CEABD18C2382F74F0018A0E3 /* SceneDelegate.swift in Sources */ = {isa = PBXBuildFile; fileRef = CEABD18B2382F74F0018A0E3 /* SceneDelegate.swift */; };
		CEABD18E2382F74F0018A0E3 /* ContentView.swift in Sources */ = {isa = PBXBuildFile; fileRef = CEABD18D2382F74F0018A0E3 /* ContentView.swift */; };
		CEABD1902382F7510018A0E3 /* Assets.xcassets in Resources */ = {isa = PBXBuildFile; fileRef = CEABD18F2382F7510018A0E3 /* Assets.xcassets */; };
		CEABD1932382F7510018A0E3 /* Preview Assets.xcassets in Resources */ = {isa = PBXBuildFile; fileRef = CEABD1922382F7510018A0E3 /* Preview Assets.xcassets */; };
		CEABD1962382F7510018A0E3 /* LaunchScreen.storyboard in Resources */ = {isa = PBXBuildFile; fileRef = CEABD1942382F7510018A0E3 /* LaunchScreen.storyboard */; };
/* End PBXBuildFile section */

/* Begin PBXContainerItemProxy section */
		CE044E43243B3E98003B32DB /* PBXContainerItemProxy */ = {
			isa = PBXContainerItemProxy;
			containerPortal = CEABD17E2382F74F0018A0E3 /* Project object */;
			proxyType = 1;
			remoteGlobalIDString = CEABD1852382F74F0018A0E3;
			remoteInfo = Pondra;
		};
/* End PBXContainerItemProxy section */

/* Begin PBXFileReference section */
		40C42C693BBEC4F75F6606D2 /* Pods_Pondra.framework */ = {isa = PBXFileReference; explicitFileType = wrapper.framework; includeInIndex = 0; path = Pods_Pondra.framework; sourceTree = BUILT_PRODUCTS_DIR; };
		ADDE743456CAD81EA4E41132 /* Pods-Pondra.debug.xcconfig */ = {isa = PBXFileReference; includeInIndex = 1; lastKnownFileType = text.xcconfig; name = "Pods-Pondra.debug.xcconfig"; path = "Target Support Files/Pods-Pondra/Pods-Pondra.debug.xcconfig"; sourceTree = "<group>"; };
		CE044E042437596C003B32DB /* WeightAddViewModel.swift */ = {isa = PBXFileReference; lastKnownFileType = sourcecode.swift; path = WeightAddViewModel.swift; sourceTree = "<group>"; };
		CE044E0724375A22003B32DB /* WeightViewModel.swift */ = {isa = PBXFileReference; lastKnownFileType = sourcecode.swift; path = WeightViewModel.swift; sourceTree = "<group>"; };
		CE044E142437D44A003B32DB /* WeightRow.swift */ = {isa = PBXFileReference; lastKnownFileType = sourcecode.swift; path = WeightRow.swift; sourceTree = "<group>"; };
		CE044E1B2438963B003B32DB /* Pondra.xcdatamodel */ = {isa = PBXFileReference; lastKnownFileType = wrapper.xcdatamodel; path = Pondra.xcdatamodel; sourceTree = "<group>"; };
		CE044E2124389BE8003B32DB /* WeightItem+Extensions.swift */ = {isa = PBXFileReference; lastKnownFileType = sourcecode.swift; path = "WeightItem+Extensions.swift"; sourceTree = "<group>"; };
		CE044E232438A1B5003B32DB /* View.swift */ = {isa = PBXFileReference; lastKnownFileType = sourcecode.swift; path = View.swift; sourceTree = "<group>"; };
		CE044E252438A502003B32DB /* ViewContextFetcher.swift */ = {isa = PBXFileReference; lastKnownFileType = sourcecode.swift; path = ViewContextFetcher.swift; sourceTree = "<group>"; };
		CE044E2824391DD3003B32DB /* OverviewView.swift */ = {isa = PBXFileReference; lastKnownFileType = sourcecode.swift; path = OverviewView.swift; sourceTree = "<group>"; };
		CE044E2A243B1010003B32DB /* GraphView.swift */ = {isa = PBXFileReference; lastKnownFileType = sourcecode.swift; path = GraphView.swift; sourceTree = "<group>"; };
		CE044E2D243B26FF003B32DB /* Line.swift */ = {isa = PBXFileReference; lastKnownFileType = sourcecode.swift; path = Line.swift; sourceTree = "<group>"; };
		CE044E2F243B2744003B32DB /* IndicatorPoint.swift */ = {isa = PBXFileReference; lastKnownFileType = sourcecode.swift; path = IndicatorPoint.swift; sourceTree = "<group>"; };
		CE044E31243B27A3003B32DB /* Helpers.swift */ = {isa = PBXFileReference; lastKnownFileType = sourcecode.swift; path = Helpers.swift; sourceTree = "<group>"; };
		CE044E33243B2803003B32DB /* HapticFeedback.swift */ = {isa = PBXFileReference; lastKnownFileType = sourcecode.swift; path = HapticFeedback.swift; sourceTree = "<group>"; };
		CE044E36243B282E003B32DB /* Color.swift */ = {isa = PBXFileReference; lastKnownFileType = sourcecode.swift; path = Color.swift; sourceTree = "<group>"; };
		CE044E38243B28D5003B32DB /* Path.swift */ = {isa = PBXFileReference; lastKnownFileType = sourcecode.swift; path = Path.swift; sourceTree = "<group>"; };
		CE044E3E243B3E98003B32DB /* PondraTests.xctest */ = {isa = PBXFileReference; explicitFileType = wrapper.cfbundle; includeInIndex = 0; path = PondraTests.xctest; sourceTree = BUILT_PRODUCTS_DIR; };
		CE044E40243B3E98003B32DB /* PondraTests.swift */ = {isa = PBXFileReference; lastKnownFileType = sourcecode.swift; path = PondraTests.swift; sourceTree = "<group>"; };
		CE044E42243B3E98003B32DB /* Info.plist */ = {isa = PBXFileReference; lastKnownFileType = text.plist.xml; path = Info.plist; sourceTree = "<group>"; };
		CE044E4C243B41AD003B32DB /* UIBezierPath.swift */ = {isa = PBXFileReference; lastKnownFileType = sourcecode.swift; path = UIBezierPath.swift; sourceTree = "<group>"; };
		CE044E4E243B466D003B32DB /* CGPointTests.swift */ = {isa = PBXFileReference; lastKnownFileType = sourcecode.swift; path = CGPointTests.swift; sourceTree = "<group>"; };
		CE044E50243B4C3A003B32DB /* CGPoint.swift */ = {isa = PBXFileReference; lastKnownFileType = sourcecode.swift; path = CGPoint.swift; sourceTree = "<group>"; };
		CE044E53243B5280003B32DB /* ChartData.swift */ = {isa = PBXFileReference; lastKnownFileType = sourcecode.swift; path = ChartData.swift; sourceTree = "<group>"; };
		CE0E76C52384109D00401B8B /* R.generated.swift */ = {isa = PBXFileReference; fileEncoding = 4; lastKnownFileType = sourcecode.swift; path = R.generated.swift; sourceTree = "<group>"; };
		CE0E76C7238410DE00401B8B /* Localizable.strings */ = {isa = PBXFileReference; lastKnownFileType = text.plist.strings; path = Localizable.strings; sourceTree = "<group>"; };
		CE1463EE243636430089D7D5 /* WeightView.swift */ = {isa = PBXFileReference; lastKnownFileType = sourcecode.swift; path = WeightView.swift; sourceTree = "<group>"; };
		CE1463F024363AC60089D7D5 /* WeightAddView.swift */ = {isa = PBXFileReference; lastKnownFileType = sourcecode.swift; path = WeightAddView.swift; sourceTree = "<group>"; };
		CEABD1862382F74F0018A0E3 /* Pondra.app */ = {isa = PBXFileReference; explicitFileType = wrapper.application; includeInIndex = 0; path = Pondra.app; sourceTree = BUILT_PRODUCTS_DIR; };
		CEABD1892382F74F0018A0E3 /* AppDelegate.swift */ = {isa = PBXFileReference; lastKnownFileType = sourcecode.swift; path = AppDelegate.swift; sourceTree = "<group>"; };
		CEABD18B2382F74F0018A0E3 /* SceneDelegate.swift */ = {isa = PBXFileReference; lastKnownFileType = sourcecode.swift; path = SceneDelegate.swift; sourceTree = "<group>"; };
		CEABD18D2382F74F0018A0E3 /* ContentView.swift */ = {isa = PBXFileReference; lastKnownFileType = sourcecode.swift; path = ContentView.swift; sourceTree = "<group>"; };
		CEABD18F2382F7510018A0E3 /* Assets.xcassets */ = {isa = PBXFileReference; lastKnownFileType = folder.assetcatalog; path = Assets.xcassets; sourceTree = "<group>"; };
		CEABD1922382F7510018A0E3 /* Preview Assets.xcassets */ = {isa = PBXFileReference; lastKnownFileType = folder.assetcatalog; path = "Preview Assets.xcassets"; sourceTree = "<group>"; };
		CEABD1952382F7510018A0E3 /* Base */ = {isa = PBXFileReference; lastKnownFileType = file.storyboard; name = Base; path = Base.lproj/LaunchScreen.storyboard; sourceTree = "<group>"; };
		CEABD1972382F7510018A0E3 /* Info.plist */ = {isa = PBXFileReference; lastKnownFileType = text.plist.xml; path = Info.plist; sourceTree = "<group>"; };
		EABD319C9D1C1B65090CDDC1 /* Pods-Pondra.release.xcconfig */ = {isa = PBXFileReference; includeInIndex = 1; lastKnownFileType = text.xcconfig; name = "Pods-Pondra.release.xcconfig"; path = "Target Support Files/Pods-Pondra/Pods-Pondra.release.xcconfig"; sourceTree = "<group>"; };
/* End PBXFileReference section */

/* Begin PBXFrameworksBuildPhase section */
		CE044E3B243B3E98003B32DB /* Frameworks */ = {
			isa = PBXFrameworksBuildPhase;
			buildActionMask = 2147483647;
			files = (
			);
			runOnlyForDeploymentPostprocessing = 0;
		};
		CEABD1832382F74F0018A0E3 /* Frameworks */ = {
			isa = PBXFrameworksBuildPhase;
			buildActionMask = 2147483647;
			files = (
				AB40378E13D614B7C9DC4D59 /* Pods_Pondra.framework in Frameworks */,
			);
			runOnlyForDeploymentPostprocessing = 0;
		};
/* End PBXFrameworksBuildPhase section */

/* Begin PBXGroup section */
		A66043E5FE09B1109760CA74 /* Frameworks */ = {
			isa = PBXGroup;
			children = (
				40C42C693BBEC4F75F6606D2 /* Pods_Pondra.framework */,
			);
			name = Frameworks;
			sourceTree = "<group>";
		};
		AD92FEEB68EEDB0788016B16 /* Pods */ = {
			isa = PBXGroup;
			children = (
				ADDE743456CAD81EA4E41132 /* Pods-Pondra.debug.xcconfig */,
				EABD319C9D1C1B65090CDDC1 /* Pods-Pondra.release.xcconfig */,
			);
			path = Pods;
			sourceTree = "<group>";
		};
		CE044E0924378B72003B32DB /* Model */ = {
			isa = PBXGroup;
			children = (
				CE044E2124389BE8003B32DB /* WeightItem+Extensions.swift */,
			);
			path = Model;
			sourceTree = "<group>";
		};
		CE044E0A24378DF7003B32DB /* Utilities */ = {
			isa = PBXGroup;
			children = (
				CE044E35243B281B003B32DB /* Extension */,
				CE044E2C243B26E6003B32DB /* Chart */,
				CE044E252438A502003B32DB /* ViewContextFetcher.swift */,
				CE044E31243B27A3003B32DB /* Helpers.swift */,
				CE044E33243B2803003B32DB /* HapticFeedback.swift */,
			);
			path = Utilities;
			sourceTree = "<group>";
		};
		CE044E2724391DC0003B32DB /* Overview */ = {
			isa = PBXGroup;
			children = (
				CE044E2824391DD3003B32DB /* OverviewView.swift */,
				CE044E2A243B1010003B32DB /* GraphView.swift */,
			);
			path = Overview;
			sourceTree = "<group>";
		};
		CE044E2C243B26E6003B32DB /* Chart */ = {
			isa = PBXGroup;
			children = (
				CE044E52243B4C71003B32DB /* Extension */,
				CE044E2D243B26FF003B32DB /* Line.swift */,
				CE044E2F243B2744003B32DB /* IndicatorPoint.swift */,
				CE044E53243B5280003B32DB /* ChartData.swift */,
			);
			path = Chart;
			sourceTree = "<group>";
		};
		CE044E35243B281B003B32DB /* Extension */ = {
			isa = PBXGroup;
			children = (
				CE044E36243B282E003B32DB /* Color.swift */,
				CE044E232438A1B5003B32DB /* View.swift */,
			);
			path = Extension;
			sourceTree = "<group>";
		};
		CE044E3F243B3E98003B32DB /* PondraTests */ = {
			isa = PBXGroup;
			children = (
				CE044E4E243B466D003B32DB /* CGPointTests.swift */,
				CE044E40243B3E98003B32DB /* PondraTests.swift */,
				CE044E42243B3E98003B32DB /* Info.plist */,
			);
			path = PondraTests;
			sourceTree = "<group>";
		};
		CE044E52243B4C71003B32DB /* Extension */ = {
			isa = PBXGroup;
			children = (
				CE044E38243B28D5003B32DB /* Path.swift */,
				CE044E4C243B41AD003B32DB /* UIBezierPath.swift */,
				CE044E50243B4C3A003B32DB /* CGPoint.swift */,
			);
			path = Extension;
			sourceTree = "<group>";
		};
		CE0E76C9238414B400401B8B /* Views */ = {
			isa = PBXGroup;
			children = (
				CE044E2724391DC0003B32DB /* Overview */,
				CE1463ED243636330089D7D5 /* Weight */,
				CEABD18D2382F74F0018A0E3 /* ContentView.swift */,
			);
			path = Views;
			sourceTree = "<group>";
		};
		CE1463EC2436351C0089D7D5 /* Common */ = {
			isa = PBXGroup;
			children = (
				CEABD1892382F74F0018A0E3 /* AppDelegate.swift */,
				CEABD18B2382F74F0018A0E3 /* SceneDelegate.swift */,
			);
			path = Common;
			sourceTree = "<group>";
		};
		CE1463ED243636330089D7D5 /* Weight */ = {
			isa = PBXGroup;
			children = (
				CE1463EE243636430089D7D5 /* WeightView.swift */,
				CE044E0724375A22003B32DB /* WeightViewModel.swift */,
				CE044E142437D44A003B32DB /* WeightRow.swift */,
				CE1463F024363AC60089D7D5 /* WeightAddView.swift */,
				CE044E042437596C003B32DB /* WeightAddViewModel.swift */,
			);
			path = Weight;
			sourceTree = "<group>";
		};
		CEABD17D2382F74F0018A0E3 = {
			isa = PBXGroup;
			children = (
				CEABD1882382F74F0018A0E3 /* Pondra */,
				CE044E3F243B3E98003B32DB /* PondraTests */,
				CEABD1872382F74F0018A0E3 /* Products */,
				AD92FEEB68EEDB0788016B16 /* Pods */,
				A66043E5FE09B1109760CA74 /* Frameworks */,
			);
			sourceTree = "<group>";
		};
		CEABD1872382F74F0018A0E3 /* Products */ = {
			isa = PBXGroup;
			children = (
				CEABD1862382F74F0018A0E3 /* Pondra.app */,
				CE044E3E243B3E98003B32DB /* PondraTests.xctest */,
			);
			name = Products;
			sourceTree = "<group>";
		};
		CEABD1882382F74F0018A0E3 /* Pondra */ = {
			isa = PBXGroup;
			children = (
				CE1463EC2436351C0089D7D5 /* Common */,
				CE044E0A24378DF7003B32DB /* Utilities */,
				CE044E0924378B72003B32DB /* Model */,
				CE0E76C9238414B400401B8B /* Views */,
				CE0E76C52384109D00401B8B /* R.generated.swift */,
				CEABD18F2382F7510018A0E3 /* Assets.xcassets */,
				CEABD1942382F7510018A0E3 /* LaunchScreen.storyboard */,
				CEABD1972382F7510018A0E3 /* Info.plist */,
				CEABD1912382F7510018A0E3 /* Preview Content */,
				CE0E76C7238410DE00401B8B /* Localizable.strings */,
				CE044E1A2438963B003B32DB /* Pondra.xcdatamodeld */,
			);
			path = Pondra;
			sourceTree = "<group>";
		};
		CEABD1912382F7510018A0E3 /* Preview Content */ = {
			isa = PBXGroup;
			children = (
				CEABD1922382F7510018A0E3 /* Preview Assets.xcassets */,
			);
			path = "Preview Content";
			sourceTree = "<group>";
		};
/* End PBXGroup section */

/* Begin PBXNativeTarget section */
		CE044E3D243B3E98003B32DB /* PondraTests */ = {
			isa = PBXNativeTarget;
			buildConfigurationList = CE044E45243B3E98003B32DB /* Build configuration list for PBXNativeTarget "PondraTests" */;
			buildPhases = (
				CE044E3A243B3E98003B32DB /* Sources */,
				CE044E3B243B3E98003B32DB /* Frameworks */,
				CE044E3C243B3E98003B32DB /* Resources */,
			);
			buildRules = (
			);
			dependencies = (
				CE044E44243B3E98003B32DB /* PBXTargetDependency */,
			);
			name = PondraTests;
			productName = PondraTests;
			productReference = CE044E3E243B3E98003B32DB /* PondraTests.xctest */;
			productType = "com.apple.product-type.bundle.unit-test";
		};
		CEABD1852382F74F0018A0E3 /* Pondra */ = {
			isa = PBXNativeTarget;
			buildConfigurationList = CEABD19A2382F7510018A0E3 /* Build configuration list for PBXNativeTarget "Pondra" */;
			buildPhases = (
				DE062358D26B5FEFA7EBA03A /* [CP] Check Pods Manifest.lock */,
				CEABD19F2382F7A60018A0E3 /* ShellScript */,
				CEABD1822382F74F0018A0E3 /* Sources */,
				CEABD1832382F74F0018A0E3 /* Frameworks */,
				CEABD1842382F74F0018A0E3 /* Resources */,
				580C0F6F356DC9F1164434E1 /* [CP] Embed Pods Frameworks */,
			);
			buildRules = (
			);
			dependencies = (
			);
			name = Pondra;
			productName = Pondra;
			productReference = CEABD1862382F74F0018A0E3 /* Pondra.app */;
			productType = "com.apple.product-type.application";
		};
/* End PBXNativeTarget section */

/* Begin PBXProject section */
		CEABD17E2382F74F0018A0E3 /* Project object */ = {
			isa = PBXProject;
			attributes = {
				LastSwiftUpdateCheck = 1140;
				LastUpgradeCheck = 1120;
				ORGANIZATIONNAME = "Kevin Stieglitz";
				TargetAttributes = {
					CE044E3D243B3E98003B32DB = {
						CreatedOnToolsVersion = 11.4;
						TestTargetID = CEABD1852382F74F0018A0E3;
					};
					CEABD1852382F74F0018A0E3 = {
						CreatedOnToolsVersion = 11.2.1;
					};
				};
			};
			buildConfigurationList = CEABD1812382F74F0018A0E3 /* Build configuration list for PBXProject "Pondra" */;
			compatibilityVersion = "Xcode 9.3";
			developmentRegion = en;
			hasScannedForEncodings = 0;
			knownRegions = (
				en,
				Base,
			);
			mainGroup = CEABD17D2382F74F0018A0E3;
			productRefGroup = CEABD1872382F74F0018A0E3 /* Products */;
			projectDirPath = "";
			projectRoot = "";
			targets = (
				CEABD1852382F74F0018A0E3 /* Pondra */,
				CE044E3D243B3E98003B32DB /* PondraTests */,
			);
		};
/* End PBXProject section */

/* Begin PBXResourcesBuildPhase section */
		CE044E3C243B3E98003B32DB /* Resources */ = {
			isa = PBXResourcesBuildPhase;
			buildActionMask = 2147483647;
			files = (
			);
			runOnlyForDeploymentPostprocessing = 0;
		};
		CEABD1842382F74F0018A0E3 /* Resources */ = {
			isa = PBXResourcesBuildPhase;
			buildActionMask = 2147483647;
			files = (
				CEABD1962382F7510018A0E3 /* LaunchScreen.storyboard in Resources */,
				CE0E76C8238410DE00401B8B /* Localizable.strings in Resources */,
				CEABD1932382F7510018A0E3 /* Preview Assets.xcassets in Resources */,
				CEABD1902382F7510018A0E3 /* Assets.xcassets in Resources */,
			);
			runOnlyForDeploymentPostprocessing = 0;
		};
/* End PBXResourcesBuildPhase section */

/* Begin PBXShellScriptBuildPhase section */
		580C0F6F356DC9F1164434E1 /* [CP] Embed Pods Frameworks */ = {
			isa = PBXShellScriptBuildPhase;
			buildActionMask = 2147483647;
			files = (
			);
			inputFileListPaths = (
				"${PODS_ROOT}/Target Support Files/Pods-Pondra/Pods-Pondra-frameworks-${CONFIGURATION}-input-files.xcfilelist",
			);
			name = "[CP] Embed Pods Frameworks";
			outputFileListPaths = (
				"${PODS_ROOT}/Target Support Files/Pods-Pondra/Pods-Pondra-frameworks-${CONFIGURATION}-output-files.xcfilelist",
			);
			runOnlyForDeploymentPostprocessing = 0;
			shellPath = /bin/sh;
			shellScript = "\"${PODS_ROOT}/Target Support Files/Pods-Pondra/Pods-Pondra-frameworks.sh\"\n";
			showEnvVarsInLog = 0;
		};
		CEABD19F2382F7A60018A0E3 /* ShellScript */ = {
			isa = PBXShellScriptBuildPhase;
			buildActionMask = 2147483647;
			files = (
			);
			inputFileListPaths = (
			);
			inputPaths = (
				"$TEMP_DIR/rswift-lastrun",
			);
			outputFileListPaths = (
			);
			outputPaths = (
				$SRCROOT/Pondra/R.generated.swift,
			);
			runOnlyForDeploymentPostprocessing = 0;
			shellPath = /bin/sh;
			shellScript = "# Type a script or drag a script file from your workspace to insert its path.\n\"$PODS_ROOT/R.swift/rswift\" generate \"$SRCROOT/Pondra/R.generated.swift\"\n";
		};
		DE062358D26B5FEFA7EBA03A /* [CP] Check Pods Manifest.lock */ = {
			isa = PBXShellScriptBuildPhase;
			buildActionMask = 2147483647;
			files = (
			);
			inputFileListPaths = (
			);
			inputPaths = (
				"${PODS_PODFILE_DIR_PATH}/Podfile.lock",
				"${PODS_ROOT}/Manifest.lock",
			);
			name = "[CP] Check Pods Manifest.lock";
			outputFileListPaths = (
			);
			outputPaths = (
				"$(DERIVED_FILE_DIR)/Pods-Pondra-checkManifestLockResult.txt",
			);
			runOnlyForDeploymentPostprocessing = 0;
			shellPath = /bin/sh;
			shellScript = "diff \"${PODS_PODFILE_DIR_PATH}/Podfile.lock\" \"${PODS_ROOT}/Manifest.lock\" > /dev/null\nif [ $? != 0 ] ; then\n    # print error to STDERR\n    echo \"error: The sandbox is not in sync with the Podfile.lock. Run 'pod install' or update your CocoaPods installation.\" >&2\n    exit 1\nfi\n# This output is used by Xcode 'outputs' to avoid re-running this script phase.\necho \"SUCCESS\" > \"${SCRIPT_OUTPUT_FILE_0}\"\n";
			showEnvVarsInLog = 0;
		};
/* End PBXShellScriptBuildPhase section */

/* Begin PBXSourcesBuildPhase section */
		CE044E3A243B3E98003B32DB /* Sources */ = {
			isa = PBXSourcesBuildPhase;
			buildActionMask = 2147483647;
			files = (
				CE044E4F243B466D003B32DB /* CGPointTests.swift in Sources */,
				CE044E41243B3E98003B32DB /* PondraTests.swift in Sources */,
			);
			runOnlyForDeploymentPostprocessing = 0;
		};
		CEABD1822382F74F0018A0E3 /* Sources */ = {
			isa = PBXSourcesBuildPhase;
			buildActionMask = 2147483647;
			files = (
				CE044E052437596C003B32DB /* WeightAddViewModel.swift in Sources */,
				CE044E34243B2803003B32DB /* HapticFeedback.swift in Sources */,
				CE1463F124363AC60089D7D5 /* WeightAddView.swift in Sources */,
				CE044E2224389BE8003B32DB /* WeightItem+Extensions.swift in Sources */,
				CEABD18A2382F74F0018A0E3 /* AppDelegate.swift in Sources */,
				CE044E4D243B41AD003B32DB /* UIBezierPath.swift in Sources */,
				CE044E30243B2744003B32DB /* IndicatorPoint.swift in Sources */,
				CE044E1C2438963B003B32DB /* Pondra.xcdatamodeld in Sources */,
				CE044E2B243B1010003B32DB /* GraphView.swift in Sources */,
				CEABD18C2382F74F0018A0E3 /* SceneDelegate.swift in Sources */,
				CE044E0824375A22003B32DB /* WeightViewModel.swift in Sources */,
				CE044E262438A502003B32DB /* ViewContextFetcher.swift in Sources */,
				CEABD18E2382F74F0018A0E3 /* ContentView.swift in Sources */,
				CE044E2924391DD3003B32DB /* OverviewView.swift in Sources */,
				CE044E37243B282E003B32DB /* Color.swift in Sources */,
				CE044E242438A1B5003B32DB /* View.swift in Sources */,
				CE044E51243B4C3A003B32DB /* CGPoint.swift in Sources */,
				CE044E32243B27A3003B32DB /* Helpers.swift in Sources */,
				CE1463EF243636430089D7D5 /* WeightView.swift in Sources */,
				CE044E2E243B26FF003B32DB /* Line.swift in Sources */,
				CE044E39243B28D5003B32DB /* Path.swift in Sources */,
				CE0E76C62384109D00401B8B /* R.generated.swift in Sources */,
				CE044E54243B5280003B32DB /* ChartData.swift in Sources */,
				CE044E152437D44A003B32DB /* WeightRow.swift in Sources */,
			);
			runOnlyForDeploymentPostprocessing = 0;
		};
/* End PBXSourcesBuildPhase section */

/* Begin PBXTargetDependency section */
		CE044E44243B3E98003B32DB /* PBXTargetDependency */ = {
			isa = PBXTargetDependency;
			target = CEABD1852382F74F0018A0E3 /* Pondra */;
			targetProxy = CE044E43243B3E98003B32DB /* PBXContainerItemProxy */;
		};
/* End PBXTargetDependency section */

/* Begin PBXVariantGroup section */
		CEABD1942382F7510018A0E3 /* LaunchScreen.storyboard */ = {
			isa = PBXVariantGroup;
			children = (
				CEABD1952382F7510018A0E3 /* Base */,
			);
			name = LaunchScreen.storyboard;
			sourceTree = "<group>";
		};
/* End PBXVariantGroup section */

/* Begin XCBuildConfiguration section */
		CE044E46243B3E98003B32DB /* Debug */ = {
			isa = XCBuildConfiguration;
			buildSettings = {
				BUNDLE_LOADER = "$(TEST_HOST)";
				CODE_SIGN_STYLE = Automatic;
				DEVELOPMENT_TEAM = RM52X2PLZQ;
				INFOPLIST_FILE = PondraTests/Info.plist;
				LD_RUNPATH_SEARCH_PATHS = (
					"$(inherited)",
					"@executable_path/Frameworks",
					"@loader_path/Frameworks",
				);
				PRODUCT_BUNDLE_IDENTIFIER = "de.kevin-stieglitz.PondraTests";
				PRODUCT_NAME = "$(TARGET_NAME)";
				SWIFT_VERSION = 5.0;
				TARGETED_DEVICE_FAMILY = "1,2";
				TEST_HOST = "$(BUILT_PRODUCTS_DIR)/Pondra.app/Pondra";
			};
			name = Debug;
		};
		CE044E47243B3E98003B32DB /* Release */ = {
			isa = XCBuildConfiguration;
			buildSettings = {
				BUNDLE_LOADER = "$(TEST_HOST)";
				CODE_SIGN_STYLE = Automatic;
				DEVELOPMENT_TEAM = RM52X2PLZQ;
				INFOPLIST_FILE = PondraTests/Info.plist;
				LD_RUNPATH_SEARCH_PATHS = (
					"$(inherited)",
					"@executable_path/Frameworks",
					"@loader_path/Frameworks",
				);
				PRODUCT_BUNDLE_IDENTIFIER = "de.kevin-stieglitz.PondraTests";
				PRODUCT_NAME = "$(TARGET_NAME)";
				SWIFT_VERSION = 5.0;
				TARGETED_DEVICE_FAMILY = "1,2";
				TEST_HOST = "$(BUILT_PRODUCTS_DIR)/Pondra.app/Pondra";
			};
			name = Release;
		};
		CEABD1982382F7510018A0E3 /* Debug */ = {
			isa = XCBuildConfiguration;
			buildSettings = {
				ALWAYS_SEARCH_USER_PATHS = NO;
				CLANG_ANALYZER_NONNULL = YES;
				CLANG_ANALYZER_NUMBER_OBJECT_CONVERSION = YES_AGGRESSIVE;
				CLANG_CXX_LANGUAGE_STANDARD = "gnu++14";
				CLANG_CXX_LIBRARY = "libc++";
				CLANG_ENABLE_MODULES = YES;
				CLANG_ENABLE_OBJC_ARC = YES;
				CLANG_ENABLE_OBJC_WEAK = YES;
				CLANG_WARN_BLOCK_CAPTURE_AUTORELEASING = YES;
				CLANG_WARN_BOOL_CONVERSION = YES;
				CLANG_WARN_COMMA = YES;
				CLANG_WARN_CONSTANT_CONVERSION = YES;
				CLANG_WARN_DEPRECATED_OBJC_IMPLEMENTATIONS = YES;
				CLANG_WARN_DIRECT_OBJC_ISA_USAGE = YES_ERROR;
				CLANG_WARN_DOCUMENTATION_COMMENTS = YES;
				CLANG_WARN_EMPTY_BODY = YES;
				CLANG_WARN_ENUM_CONVERSION = YES;
				CLANG_WARN_INFINITE_RECURSION = YES;
				CLANG_WARN_INT_CONVERSION = YES;
				CLANG_WARN_NON_LITERAL_NULL_CONVERSION = YES;
				CLANG_WARN_OBJC_IMPLICIT_RETAIN_SELF = YES;
				CLANG_WARN_OBJC_LITERAL_CONVERSION = YES;
				CLANG_WARN_OBJC_ROOT_CLASS = YES_ERROR;
				CLANG_WARN_RANGE_LOOP_ANALYSIS = YES;
				CLANG_WARN_STRICT_PROTOTYPES = YES;
				CLANG_WARN_SUSPICIOUS_MOVE = YES;
				CLANG_WARN_UNGUARDED_AVAILABILITY = YES_AGGRESSIVE;
				CLANG_WARN_UNREACHABLE_CODE = YES;
				CLANG_WARN__DUPLICATE_METHOD_MATCH = YES;
				COPY_PHASE_STRIP = NO;
				DEBUG_INFORMATION_FORMAT = dwarf;
				ENABLE_STRICT_OBJC_MSGSEND = YES;
				ENABLE_TESTABILITY = YES;
				GCC_C_LANGUAGE_STANDARD = gnu11;
				GCC_DYNAMIC_NO_PIC = NO;
				GCC_NO_COMMON_BLOCKS = YES;
				GCC_OPTIMIZATION_LEVEL = 0;
				GCC_PREPROCESSOR_DEFINITIONS = (
					"DEBUG=1",
					"$(inherited)",
				);
				GCC_WARN_64_TO_32_BIT_CONVERSION = YES;
				GCC_WARN_ABOUT_RETURN_TYPE = YES_ERROR;
				GCC_WARN_UNDECLARED_SELECTOR = YES;
				GCC_WARN_UNINITIALIZED_AUTOS = YES_AGGRESSIVE;
				GCC_WARN_UNUSED_FUNCTION = YES;
				GCC_WARN_UNUSED_VARIABLE = YES;
				IPHONEOS_DEPLOYMENT_TARGET = 13.4;
				MTL_ENABLE_DEBUG_INFO = INCLUDE_SOURCE;
				MTL_FAST_MATH = YES;
				ONLY_ACTIVE_ARCH = YES;
				SDKROOT = iphoneos;
				SWIFT_ACTIVE_COMPILATION_CONDITIONS = DEBUG;
				SWIFT_OPTIMIZATION_LEVEL = "-Onone";
			};
			name = Debug;
		};
		CEABD1992382F7510018A0E3 /* Release */ = {
			isa = XCBuildConfiguration;
			buildSettings = {
				ALWAYS_SEARCH_USER_PATHS = NO;
				CLANG_ANALYZER_NONNULL = YES;
				CLANG_ANALYZER_NUMBER_OBJECT_CONVERSION = YES_AGGRESSIVE;
				CLANG_CXX_LANGUAGE_STANDARD = "gnu++14";
				CLANG_CXX_LIBRARY = "libc++";
				CLANG_ENABLE_MODULES = YES;
				CLANG_ENABLE_OBJC_ARC = YES;
				CLANG_ENABLE_OBJC_WEAK = YES;
				CLANG_WARN_BLOCK_CAPTURE_AUTORELEASING = YES;
				CLANG_WARN_BOOL_CONVERSION = YES;
				CLANG_WARN_COMMA = YES;
				CLANG_WARN_CONSTANT_CONVERSION = YES;
				CLANG_WARN_DEPRECATED_OBJC_IMPLEMENTATIONS = YES;
				CLANG_WARN_DIRECT_OBJC_ISA_USAGE = YES_ERROR;
				CLANG_WARN_DOCUMENTATION_COMMENTS = YES;
				CLANG_WARN_EMPTY_BODY = YES;
				CLANG_WARN_ENUM_CONVERSION = YES;
				CLANG_WARN_INFINITE_RECURSION = YES;
				CLANG_WARN_INT_CONVERSION = YES;
				CLANG_WARN_NON_LITERAL_NULL_CONVERSION = YES;
				CLANG_WARN_OBJC_IMPLICIT_RETAIN_SELF = YES;
				CLANG_WARN_OBJC_LITERAL_CONVERSION = YES;
				CLANG_WARN_OBJC_ROOT_CLASS = YES_ERROR;
				CLANG_WARN_RANGE_LOOP_ANALYSIS = YES;
				CLANG_WARN_STRICT_PROTOTYPES = YES;
				CLANG_WARN_SUSPICIOUS_MOVE = YES;
				CLANG_WARN_UNGUARDED_AVAILABILITY = YES_AGGRESSIVE;
				CLANG_WARN_UNREACHABLE_CODE = YES;
				CLANG_WARN__DUPLICATE_METHOD_MATCH = YES;
				COPY_PHASE_STRIP = NO;
				DEBUG_INFORMATION_FORMAT = "dwarf-with-dsym";
				ENABLE_NS_ASSERTIONS = NO;
				ENABLE_STRICT_OBJC_MSGSEND = YES;
				GCC_C_LANGUAGE_STANDARD = gnu11;
				GCC_NO_COMMON_BLOCKS = YES;
				GCC_WARN_64_TO_32_BIT_CONVERSION = YES;
				GCC_WARN_ABOUT_RETURN_TYPE = YES_ERROR;
				GCC_WARN_UNDECLARED_SELECTOR = YES;
				GCC_WARN_UNINITIALIZED_AUTOS = YES_AGGRESSIVE;
				GCC_WARN_UNUSED_FUNCTION = YES;
				GCC_WARN_UNUSED_VARIABLE = YES;
				IPHONEOS_DEPLOYMENT_TARGET = 13.4;
				MTL_ENABLE_DEBUG_INFO = NO;
				MTL_FAST_MATH = YES;
				SDKROOT = iphoneos;
				SWIFT_COMPILATION_MODE = wholemodule;
				SWIFT_OPTIMIZATION_LEVEL = "-O";
				VALIDATE_PRODUCT = YES;
			};
			name = Release;
		};
		CEABD19B2382F7510018A0E3 /* Debug */ = {
			isa = XCBuildConfiguration;
			baseConfigurationReference = ADDE743456CAD81EA4E41132 /* Pods-Pondra.debug.xcconfig */;
			buildSettings = {
				ASSETCATALOG_COMPILER_APPICON_NAME = AppIcon;
				CODE_SIGN_STYLE = Automatic;
				DEVELOPMENT_ASSET_PATHS = "\"Pondra/Preview Content\"";
				DEVELOPMENT_TEAM = RM52X2PLZQ;
				ENABLE_PREVIEWS = YES;
				INFOPLIST_FILE = Pondra/Info.plist;
				LD_RUNPATH_SEARCH_PATHS = (
					"$(inherited)",
					"@executable_path/Frameworks",
				);
				PRODUCT_BUNDLE_IDENTIFIER = "de.kevin-stieglitz.Pondra";
				PRODUCT_NAME = "$(TARGET_NAME)";
				SWIFT_VERSION = 5.0;
				TARGETED_DEVICE_FAMILY = "1,2";
			};
			name = Debug;
		};
		CEABD19C2382F7510018A0E3 /* Release */ = {
			isa = XCBuildConfiguration;
			baseConfigurationReference = EABD319C9D1C1B65090CDDC1 /* Pods-Pondra.release.xcconfig */;
			buildSettings = {
				ASSETCATALOG_COMPILER_APPICON_NAME = AppIcon;
				CODE_SIGN_STYLE = Automatic;
				DEVELOPMENT_ASSET_PATHS = "\"Pondra/Preview Content\"";
				DEVELOPMENT_TEAM = RM52X2PLZQ;
				ENABLE_PREVIEWS = YES;
				INFOPLIST_FILE = Pondra/Info.plist;
				LD_RUNPATH_SEARCH_PATHS = (
					"$(inherited)",
					"@executable_path/Frameworks",
				);
				PRODUCT_BUNDLE_IDENTIFIER = "de.kevin-stieglitz.Pondra";
				PRODUCT_NAME = "$(TARGET_NAME)";
				SWIFT_VERSION = 5.0;
				TARGETED_DEVICE_FAMILY = "1,2";
			};
			name = Release;
		};
/* End XCBuildConfiguration section */

/* Begin XCConfigurationList section */
		CE044E45243B3E98003B32DB /* Build configuration list for PBXNativeTarget "PondraTests" */ = {
			isa = XCConfigurationList;
			buildConfigurations = (
				CE044E46243B3E98003B32DB /* Debug */,
				CE044E47243B3E98003B32DB /* Release */,
			);
			defaultConfigurationIsVisible = 0;
			defaultConfigurationName = Release;
		};
		CEABD1812382F74F0018A0E3 /* Build configuration list for PBXProject "Pondra" */ = {
			isa = XCConfigurationList;
			buildConfigurations = (
				CEABD1982382F7510018A0E3 /* Debug */,
				CEABD1992382F7510018A0E3 /* Release */,
			);
			defaultConfigurationIsVisible = 0;
			defaultConfigurationName = Release;
		};
		CEABD19A2382F7510018A0E3 /* Build configuration list for PBXNativeTarget "Pondra" */ = {
			isa = XCConfigurationList;
			buildConfigurations = (
				CEABD19B2382F7510018A0E3 /* Debug */,
				CEABD19C2382F7510018A0E3 /* Release */,
			);
			defaultConfigurationIsVisible = 0;
			defaultConfigurationName = Release;
		};
/* End XCConfigurationList section */

/* Begin XCVersionGroup section */
		CE044E1A2438963B003B32DB /* Pondra.xcdatamodeld */ = {
			isa = XCVersionGroup;
			children = (
				CE044E1B2438963B003B32DB /* Pondra.xcdatamodel */,
			);
			currentVersion = CE044E1B2438963B003B32DB /* Pondra.xcdatamodel */;
			path = Pondra.xcdatamodeld;
			sourceTree = "<group>";
			versionGroupType = wrapper.xcdatamodel;
		};
/* End XCVersionGroup section */
	};
	rootObject = CEABD17E2382F74F0018A0E3 /* Project object */;
}
